
Microsoft Visual Studio Solution File, Format Version 12.00
# Visual Studio Version 17
VisualStudioVersion = 17.13.35919.96 d17.13
MinimumVisualStudioVersion = 10.0.40219.1
Project("{FAE04EC0-301F-11D3-BF4B-00C04F79EFBC}") = "WpfApp1", "WpfApp1\WpfApp1.csproj", "{37C0299C-E5EF-4558-830D-499AE9199C6C}"
EndProject
Global
	GlobalSection(SolutionConfigurationPlatforms) = preSolution
		Debug|Any CPU = Debug|Any CPU
		Release|Any CPU = Release|Any CPU
	EndGlobalSection
	GlobalSection(ProjectConfigurationPlatforms) = postSolution
		{37C0299C-E5EF-4558-830D-499AE9199C6C}.Debug|Any CPU.ActiveCfg = Debug|Any CPU
		{37C0299C-E5EF-4558-830D-499AE9199C6C}.Debug|Any CPU.Build.0 = Debug|Any CPU
		{37C0299C-E5EF-4558-830D-499AE9199C6C}.Release|Any CPU.ActiveCfg = Release|Any CPU
		{37C0299C-E5EF-4558-830D-499AE9199C6C}.Release|Any CPU.Build.0 = Release|Any CPU
	EndGlobalSection
	GlobalSection(SolutionProperties) = preSolution
		HideSolutionNode = FALSE
	EndGlobalSection
	GlobalSection(ExtensibilityGlobals) = postSolution
		SolutionGuid = {F48FBDD9-2C16-4D52-BC84-DB560798EDAB}
	EndGlobalSection
EndGlobal
