
Microsoft Visual Studio Solution File, Format Version 12.00
# Visual Studio Version 17
VisualStudioVersion = 17.11.35222.181
MinimumVisualStudioVersion = 10.0.40219.1
Project("{FAE04EC0-301F-11D3-BF4B-00C04F79EFBC}") = "GaolxORM", "GaolxORM\GaolxORM.csproj", "{E600A00E-DCB2-4968-BEDB-3562F11F2942}"
EndProject
Global
	GlobalSection(SolutionConfigurationPlatforms) = preSolution
		Debug|Any CPU = Debug|Any CPU
		Release|Any CPU = Release|Any CPU
	EndGlobalSection
	GlobalSection(ProjectConfigurationPlatforms) = postSolution
		{E600A00E-DCB2-4968-BEDB-3562F11F2942}.Debug|Any CPU.ActiveCfg = Debug|Any CPU
		{E600A00E-DCB2-4968-BEDB-3562F11F2942}.Debug|Any CPU.Build.0 = Debug|Any CPU
		{E600A00E-DCB2-4968-BEDB-3562F11F2942}.Release|Any CPU.ActiveCfg = Release|Any CPU
		{E600A00E-DCB2-4968-BEDB-3562F11F2942}.Release|Any CPU.Build.0 = Release|Any CPU
	EndGlobalSection
	GlobalSection(SolutionProperties) = preSolution
		HideSolutionNode = FALSE
	EndGlobalSection
	GlobalSection(ExtensibilityGlobals) = postSolution
		SolutionGuid = {F118C723-08B5-4AEB-AC99-7E304E607E8E}
	EndGlobalSection
EndGlobal
