
Microsoft Visual Studio Solution File, Format Version 12.00
# Visual Studio Version 17
VisualStudioVersion = 17.9.34728.123
MinimumVisualStudioVersion = 10.0.40219.1
Project("{FAE04EC0-301F-11D3-BF4B-00C04F79EFBC}") = "ConsoleApp4", "ConsoleApp4\ConsoleApp4.csproj", "{EC941D73-3490-4B95-8CF1-024AF925B410}"
EndProject
Global
	GlobalSection(SolutionConfigurationPlatforms) = preSolution
		Debug|Any CPU = Debug|Any CPU
		Release|Any CPU = Release|Any CPU
	EndGlobalSection
	GlobalSection(ProjectConfigurationPlatforms) = postSolution
		{EC941D73-3490-4B95-8CF1-024AF925B410}.Debug|Any CPU.ActiveCfg = Debug|Any CPU
		{EC941D73-3490-4B95-8CF1-024AF925B410}.Debug|Any CPU.Build.0 = Debug|Any CPU
		{EC941D73-3490-4B95-8CF1-024AF925B410}.Release|Any CPU.ActiveCfg = Release|Any CPU
		{EC941D73-3490-4B95-8CF1-024AF925B410}.Release|Any CPU.Build.0 = Release|Any CPU
	EndGlobalSection
	GlobalSection(SolutionProperties) = preSolution
		HideSolutionNode = FALSE
	EndGlobalSection
	GlobalSection(ExtensibilityGlobals) = postSolution
		SolutionGuid = {DA2E8F84-F624-40F4-873F-9B6029838A52}
	EndGlobalSection
EndGlobal
